
Microsoft Visual Studio Solution File, Format Version 12.00
# Visual Studio Version 17
VisualStudioVersion = 17.0.31919.166
MinimumVisualStudioVersion = 10.0.40219.1
Project("{9A19103F-16F7-4668-BE54-9A1E7A4F7556}") = "advent21", "advent21.csproj", "{1AA0A20F-663A-4280-9848-9A967CCF3A37}"
EndProject
Global
	GlobalSection(SolutionConfigurationPlatforms) = preSolution
		Debug|Any CPU = Debug|Any CPU
		Release|Any CPU = Release|Any CPU
	EndGlobalSection
	GlobalSection(ProjectConfigurationPlatforms) = postSolution
		{1AA0A20F-663A-4280-9848-9A967CCF3A37}.Debug|Any CPU.ActiveCfg = Debug|Any CPU
		{1AA0A20F-663A-4280-9848-9A967CCF3A37}.Debug|Any CPU.Build.0 = Debug|Any CPU
		{1AA0A20F-663A-4280-9848-9A967CCF3A37}.Release|Any CPU.ActiveCfg = Release|Any CPU
		{1AA0A20F-663A-4280-9848-9A967CCF3A37}.Release|Any CPU.Build.0 = Release|Any CPU
	EndGlobalSection
	GlobalSection(SolutionProperties) = preSolution
		HideSolutionNode = FALSE
	EndGlobalSection
	GlobalSection(ExtensibilityGlobals) = postSolution
		SolutionGuid = {8E0920E7-1B64-4431-845B-248A67791177}
	EndGlobalSection
EndGlobal
